
Microsoft Visual Studio Solution File, Format Version 12.00
# Visual Studio Version 16
VisualStudioVersion = 16.0.29001.49
MinimumVisualStudioVersion = 10.0.40219.1
Project("{8BC9CEB8-8B4A-11D0-8D11-00A0C91BC942}") = "devtale", "DevTale\devtale.vcxproj", "{3800A4A3-C59F-47AE-8E13-E4527DCA907D}"
EndProject
Global
	GlobalSection(SolutionConfigurationPlatforms) = preSolution
		Debug|x64 = Debug|x64
		Debug|x86 = Debug|x86
		Release|x64 = Release|x64
		Release|x86 = Release|x86
	EndGlobalSection
	GlobalSection(ProjectConfigurationPlatforms) = postSolution
		{3800A4A3-C59F-47AE-8E13-E4527DCA907D}.Debug|x64.ActiveCfg = Debug|x64
		{3800A4A3-C59F-47AE-8E13-E4527DCA907D}.Debug|x64.Build.0 = Debug|x64
		{3800A4A3-C59F-47AE-8E13-E4527DCA907D}.Debug|x86.ActiveCfg = Debug|Win32
		{3800A4A3-C59F-47AE-8E13-E4527DCA907D}.Debug|x86.Build.0 = Debug|Win32
		{3800A4A3-C59F-47AE-8E13-E4527DCA907D}.Release|x64.ActiveCfg = Release|x64
		{3800A4A3-C59F-47AE-8E13-E4527DCA907D}.Release|x64.Build.0 = Release|x64
		{3800A4A3-C59F-47AE-8E13-E4527DCA907D}.Release|x86.ActiveCfg = Release|Win32
		{3800A4A3-C59F-47AE-8E13-E4527DCA907D}.Release|x86.Build.0 = Release|Win32
	EndGlobalSection
	GlobalSection(SolutionProperties) = preSolution
		HideSolutionNode = FALSE
	EndGlobalSection
	GlobalSection(ExtensibilityGlobals) = postSolution
		SolutionGuid = {38374AC3-C5B7-4783-819C-45C419C28B02}
	EndGlobalSection
EndGlobal
